{
  "name": "es5-shim",
  "version": "2.1.0",
  "lockfileVersion": 3,
  "requires": true,
  "packages": {
    "": {
      "name": "es5-shim",
      "version": "2.1.0",
      "dependencies": {
        "es5-shim": "file:"
      },
      "engines": {
        "node": ">=0.2.0"
      }
    },
    "node_modules/es5-shim": {
      "resolved": "",
      "link": true
    }
  }
}
